
Microsoft Visual Studio Solution File, Format Version 12.00
# Visual Studio 14
VisualStudioVersion = 14.0.25420.1
MinimumVisualStudioVersion = 10.0.40219.1
Project("{FAE04EC0-301F-11D3-BF4B-00C04F79EFBC}") = "Entidades", "Entities\Entidades.csproj", "{7A71E3C2-2F03-4A3E-8F61-1D5FF574E63D}"
EndProject
Project("{FAE04EC0-301F-11D3-BF4B-00C04F79EFBC}") = "Datos", "Datos\Datos.csproj", "{61A115D2-65B9-466B-8C24-D5FB802E0FDA}"
EndProject
Project("{FAE04EC0-301F-11D3-BF4B-00C04F79EFBC}") = "WebApp", "WebApp\WebApp.csproj", "{4FAB7474-E343-4CEE-8540-41393632238E}"
EndProject
Global
	GlobalSection(SolutionConfigurationPlatforms) = preSolution
		Debug|Any CPU = Debug|Any CPU
		Release|Any CPU = Release|Any CPU
	EndGlobalSection
	GlobalSection(ProjectConfigurationPlatforms) = postSolution
		{7A71E3C2-2F03-4A3E-8F61-1D5FF574E63D}.Debug|Any CPU.ActiveCfg = Debug|Any CPU
		{7A71E3C2-2F03-4A3E-8F61-1D5FF574E63D}.Debug|Any CPU.Build.0 = Debug|Any CPU
		{7A71E3C2-2F03-4A3E-8F61-1D5FF574E63D}.Release|Any CPU.ActiveCfg = Release|Any CPU
		{7A71E3C2-2F03-4A3E-8F61-1D5FF574E63D}.Release|Any CPU.Build.0 = Release|Any CPU
		{61A115D2-65B9-466B-8C24-D5FB802E0FDA}.Debug|Any CPU.ActiveCfg = Debug|Any CPU
		{61A115D2-65B9-466B-8C24-D5FB802E0FDA}.Debug|Any CPU.Build.0 = Debug|Any CPU
		{61A115D2-65B9-466B-8C24-D5FB802E0FDA}.Release|Any CPU.ActiveCfg = Release|Any CPU
		{61A115D2-65B9-466B-8C24-D5FB802E0FDA}.Release|Any CPU.Build.0 = Release|Any CPU
		{4FAB7474-E343-4CEE-8540-41393632238E}.Debug|Any CPU.ActiveCfg = Debug|Any CPU
		{4FAB7474-E343-4CEE-8540-41393632238E}.Debug|Any CPU.Build.0 = Debug|Any CPU
		{4FAB7474-E343-4CEE-8540-41393632238E}.Release|Any CPU.ActiveCfg = Release|Any CPU
		{4FAB7474-E343-4CEE-8540-41393632238E}.Release|Any CPU.Build.0 = Release|Any CPU
	EndGlobalSection
	GlobalSection(SolutionProperties) = preSolution
		HideSolutionNode = FALSE
	EndGlobalSection
EndGlobal
